
Microsoft Visual Studio Solution File, Format Version 12.00
# Visual Studio 2015
Project("{FAE04EC0-301F-11D3-BF4B-00C04F79EFBC}") = "Till Death.CSharp", "Till Death.CSharp.csproj", "{B361E8C9-D81D-B5AC-233D-1C4B85679506}"
EndProject
Project("{FAE04EC0-301F-11D3-BF4B-00C04F79EFBC}") = "Till Death.CSharp.Editor", "Till Death.CSharp.Editor.csproj", "{1982F57F-6A6B-BA06-A36E-82CF352932A4}"
EndProject
Global
	GlobalSection(SolutionConfigurationPlatforms) = preSolution
		Debug|Any CPU = Debug|Any CPU
		Release|Any CPU = Release|Any CPU
	EndGlobalSection
	GlobalSection(ProjectConfigurationPlatforms) = postSolution
		{B361E8C9-D81D-B5AC-233D-1C4B85679506}.Debug|Any CPU.ActiveCfg = Debug|Any CPU
		{B361E8C9-D81D-B5AC-233D-1C4B85679506}.Debug|Any CPU.Build.0 = Debug|Any CPU
		{B361E8C9-D81D-B5AC-233D-1C4B85679506}.Release|Any CPU.ActiveCfg = Release|Any CPU
		{B361E8C9-D81D-B5AC-233D-1C4B85679506}.Release|Any CPU.Build.0 = Release|Any CPU
		{1982F57F-6A6B-BA06-A36E-82CF352932A4}.Debug|Any CPU.ActiveCfg = Debug|Any CPU
		{1982F57F-6A6B-BA06-A36E-82CF352932A4}.Debug|Any CPU.Build.0 = Debug|Any CPU
		{1982F57F-6A6B-BA06-A36E-82CF352932A4}.Release|Any CPU.ActiveCfg = Release|Any CPU
		{1982F57F-6A6B-BA06-A36E-82CF352932A4}.Release|Any CPU.Build.0 = Release|Any CPU
	EndGlobalSection
	GlobalSection(SolutionProperties) = preSolution
		HideSolutionNode = FALSE
	EndGlobalSection
EndGlobal
